
Microsoft Visual Studio Solution File, Format Version 12.00
Project("{FAE04EC0-301F-11D3-BF4B-00C04F79EFBC}") = "TestTaskBits", "TestTaskBits\TestTaskBits.csproj", "{8380D591-E516-410D-9AE8-F1B60228D36B}"
EndProject
Global
	GlobalSection(SolutionConfigurationPlatforms) = preSolution
		Debug|Any CPU = Debug|Any CPU
		Release|Any CPU = Release|Any CPU
	EndGlobalSection
	GlobalSection(ProjectConfigurationPlatforms) = postSolution
		{8380D591-E516-410D-9AE8-F1B60228D36B}.Debug|Any CPU.ActiveCfg = Debug|Any CPU
		{8380D591-E516-410D-9AE8-F1B60228D36B}.Debug|Any CPU.Build.0 = Debug|Any CPU
		{8380D591-E516-410D-9AE8-F1B60228D36B}.Release|Any CPU.ActiveCfg = Release|Any CPU
		{8380D591-E516-410D-9AE8-F1B60228D36B}.Release|Any CPU.Build.0 = Release|Any CPU
	EndGlobalSection
EndGlobal
